
Microsoft Visual Studio Solution File, Format Version 12.00
# Visual Studio Version 17
VisualStudioVersion = 17.9.34723.18
MinimumVisualStudioVersion = 10.0.40219.1
Project("{F184B08F-C81C-45F6-A57F-5ABD9991F28F}") = "PhanVanKhai_108864_64TH2", "PhanVanKhai_108864_64TH2.vbproj", "{DA4DC282-07ED-4EC1-9B65-936B395CC8C8}"
EndProject
Global
	GlobalSection(SolutionConfigurationPlatforms) = preSolution
		Debug|Any CPU = Debug|Any CPU
		Release|Any CPU = Release|Any CPU
	EndGlobalSection
	GlobalSection(ProjectConfigurationPlatforms) = postSolution
		{DA4DC282-07ED-4EC1-9B65-936B395CC8C8}.Debug|Any CPU.ActiveCfg = Debug|Any CPU
		{DA4DC282-07ED-4EC1-9B65-936B395CC8C8}.Debug|Any CPU.Build.0 = Debug|Any CPU
		{DA4DC282-07ED-4EC1-9B65-936B395CC8C8}.Release|Any CPU.ActiveCfg = Release|Any CPU
		{DA4DC282-07ED-4EC1-9B65-936B395CC8C8}.Release|Any CPU.Build.0 = Release|Any CPU
	EndGlobalSection
	GlobalSection(SolutionProperties) = preSolution
		HideSolutionNode = FALSE
	EndGlobalSection
	GlobalSection(ExtensibilityGlobals) = postSolution
		SolutionGuid = {7113F13A-B1DF-4356-8D82-47B3A7E3B7A2}
	EndGlobalSection
EndGlobal
